
Microsoft Visual Studio Solution File, Format Version 12.00
# Visual Studio Version 17
VisualStudioVersion = 17.0.31903.59
MinimumVisualStudioVersion = 10.0.40219.1
Project("{2150E333-8FDC-42A3-9474-1A3956D46DE8}") = "src", "src", "{827E0CD3-B72D-47B6-A68D-7590B98EB39B}"
EndProject
Project("{FAE04EC0-301F-11D3-BF4B-00C04F79EFBC}") = "AiUsageDashboard.Core", "src\AiUsageDashboard.Core\AiUsageDashboard.Core.csproj", "{7551306B-DE17-498E-8A08-85722FD288BC}"
EndProject
Project("{FAE04EC0-301F-11D3-BF4B-00C04F79EFBC}") = "AiUsageDashboard.Antigravity", "src\AiUsageDashboard.Antigravity\AiUsageDashboard.Antigravity.csproj", "{E3A47812-8A51-4F75-9E5D-1E35B057C071}"
EndProject
Project("{FAE04EC0-301F-11D3-BF4B-00C04F79EFBC}") = "AiUsageDashboard.Antigravity.Setup", "src\AiUsageDashboard.Antigravity.Setup\AiUsageDashboard.Antigravity.Setup.csproj", "{517FF695-8F53-4EA4-9F9D-778D032BB563}"
EndProject
Project("{FAE04EC0-301F-11D3-BF4B-00C04F79EFBC}") = "AiUsageDashboard.App", "src\AiUsageDashboard.App\AiUsageDashboard.App.csproj", "{8771C309-2E16-7355-3911-6DD24C187303}"
EndProject
Project("{FAE04EC0-301F-11D3-BF4B-00C04F79EFBC}") = "AiUsageDashboard.Updater.Core", "src\AiUsageDashboard.Updater.Core\AiUsageDashboard.Updater.Core.csproj", "{3F27A357-D5A6-4D10-A7D2-A11D4AD50574}"
EndProject
Project("{FAE04EC0-301F-11D3-BF4B-00C04F79EFBC}") = "AiUsageDashboard.Updater", "src\AiUsageDashboard.Updater\AiUsageDashboard.Updater.csproj", "{CA2910B8-F96B-414E-A05D-D6E49D912153}"
EndProject
Project("{2150E333-8FDC-42A3-9474-1A3956D46DE8}") = "tests", "tests", "{8949D20F-7A40-4BAA-9154-B5E41A03E0B1}"
EndProject
Project("{FAE04EC0-301F-11D3-BF4B-00C04F79EFBC}") = "AiUsageDashboard.Tests", "tests\AiUsageDashboard.Tests\AiUsageDashboard.Tests.csproj", "{F5D8750D-4A6A-44EF-B346-3AA1F548A1C2}"
EndProject
Project("{FAE04EC0-301F-11D3-BF4B-00C04F79EFBC}") = "AiUsageDashboard.ClaudeCapture", "src\AiUsageDashboard.ClaudeCapture\AiUsageDashboard.ClaudeCapture.csproj", "{4ADD1704-016E-453F-9B33-B4D91715375C}"
EndProject
Project("{FAE04EC0-301F-11D3-BF4B-00C04F79EFBC}") = "AiUsageDashboard.AntigravityCapture", "src\AiUsageDashboard.AntigravityCapture\AiUsageDashboard.AntigravityCapture.csproj", "{BC9BB438-65B1-4CB1-9C74-15C87BAA5F04}"
EndProject
Project("{2150E333-8FDC-42A3-9474-1A3956D46DE8}") = "tools", "tools", "{D0E77B69-31CE-4F41-A777-925946D6430A}"
EndProject
Project("{FAE04EC0-301F-11D3-BF4B-00C04F79EFBC}") = "AiUsageDashboard.AntigravitySpike", "tools\AiUsageDashboard.AntigravitySpike\AiUsageDashboard.AntigravitySpike.csproj", "{A1C263B0-DC53-4EA6-852D-8CB3C7C01750}"
EndProject
Project("{FAE04EC0-301F-11D3-BF4B-00C04F79EFBC}") = "AiUsageDashboard.TerminalFixture", "tests\AiUsageDashboard.TerminalFixture\AiUsageDashboard.TerminalFixture.csproj", "{B2A73859-8F0C-41CC-AAB3-9E689038AF71}"
EndProject
Project("{FAE04EC0-301F-11D3-BF4B-00C04F79EFBC}") = "AiUsageDashboard.Licensing", "src\AiUsageDashboard.Licensing\AiUsageDashboard.Licensing.csproj", "{C64F1E71-CC88-4AD7-ABD0-A997CACDFD7A}"
EndProject
Project("{FAE04EC0-301F-11D3-BF4B-00C04F79EFBC}") = "AiUsageDashboard.FeedSigning", "tools\AiUsageDashboard.FeedSigning\AiUsageDashboard.FeedSigning.csproj", "{88798054-5080-4FC6-B0B6-68121E4C34FA}"
EndProject
Global
	GlobalSection(SolutionConfigurationPlatforms) = preSolution
		Debug|Any CPU = Debug|Any CPU
		Debug|x64 = Debug|x64
		Debug|x86 = Debug|x86
		Release|Any CPU = Release|Any CPU
		Release|x64 = Release|x64
		Release|x86 = Release|x86
	EndGlobalSection
	GlobalSection(ProjectConfigurationPlatforms) = postSolution
		{7551306B-DE17-498E-8A08-85722FD288BC}.Debug|Any CPU.ActiveCfg = Debug|Any CPU
		{7551306B-DE17-498E-8A08-85722FD288BC}.Debug|Any CPU.Build.0 = Debug|Any CPU
		{7551306B-DE17-498E-8A08-85722FD288BC}.Debug|x64.ActiveCfg = Debug|Any CPU
		{7551306B-DE17-498E-8A08-85722FD288BC}.Debug|x64.Build.0 = Debug|Any CPU
		{7551306B-DE17-498E-8A08-85722FD288BC}.Debug|x86.ActiveCfg = Debug|Any CPU
		{7551306B-DE17-498E-8A08-85722FD288BC}.Debug|x86.Build.0 = Debug|Any CPU
		{7551306B-DE17-498E-8A08-85722FD288BC}.Release|Any CPU.ActiveCfg = Release|Any CPU
		{7551306B-DE17-498E-8A08-85722FD288BC}.Release|Any CPU.Build.0 = Release|Any CPU
		{7551306B-DE17-498E-8A08-85722FD288BC}.Release|x64.ActiveCfg = Release|Any CPU
		{7551306B-DE17-498E-8A08-85722FD288BC}.Release|x64.Build.0 = Release|Any CPU
		{7551306B-DE17-498E-8A08-85722FD288BC}.Release|x86.ActiveCfg = Release|Any CPU
		{7551306B-DE17-498E-8A08-85722FD288BC}.Release|x86.Build.0 = Release|Any CPU
		{E3A47812-8A51-4F75-9E5D-1E35B057C071}.Debug|Any CPU.ActiveCfg = Debug|Any CPU
		{E3A47812-8A51-4F75-9E5D-1E35B057C071}.Debug|Any CPU.Build.0 = Debug|Any CPU
		{E3A47812-8A51-4F75-9E5D-1E35B057C071}.Debug|x64.ActiveCfg = Debug|Any CPU
		{E3A47812-8A51-4F75-9E5D-1E35B057C071}.Debug|x64.Build.0 = Debug|Any CPU
		{E3A47812-8A51-4F75-9E5D-1E35B057C071}.Debug|x86.ActiveCfg = Debug|Any CPU
		{E3A47812-8A51-4F75-9E5D-1E35B057C071}.Debug|x86.Build.0 = Debug|Any CPU
		{E3A47812-8A51-4F75-9E5D-1E35B057C071}.Release|Any CPU.ActiveCfg = Release|Any CPU
		{E3A47812-8A51-4F75-9E5D-1E35B057C071}.Release|Any CPU.Build.0 = Release|Any CPU
		{E3A47812-8A51-4F75-9E5D-1E35B057C071}.Release|x64.ActiveCfg = Release|Any CPU
		{E3A47812-8A51-4F75-9E5D-1E35B057C071}.Release|x64.Build.0 = Release|Any CPU
		{E3A47812-8A51-4F75-9E5D-1E35B057C071}.Release|x86.ActiveCfg = Release|Any CPU
		{E3A47812-8A51-4F75-9E5D-1E35B057C071}.Release|x86.Build.0 = Release|Any CPU
		{517FF695-8F53-4EA4-9F9D-778D032BB563}.Debug|Any CPU.ActiveCfg = Debug|Any CPU
		{517FF695-8F53-4EA4-9F9D-778D032BB563}.Debug|Any CPU.Build.0 = Debug|Any CPU
		{517FF695-8F53-4EA4-9F9D-778D032BB563}.Debug|x64.ActiveCfg = Debug|Any CPU
		{517FF695-8F53-4EA4-9F9D-778D032BB563}.Debug|x64.Build.0 = Debug|Any CPU
		{517FF695-8F53-4EA4-9F9D-778D032BB563}.Debug|x86.ActiveCfg = Debug|Any CPU
		{517FF695-8F53-4EA4-9F9D-778D032BB563}.Debug|x86.Build.0 = Debug|Any CPU
		{517FF695-8F53-4EA4-9F9D-778D032BB563}.Release|Any CPU.ActiveCfg = Release|Any CPU
		{517FF695-8F53-4EA4-9F9D-778D032BB563}.Release|Any CPU.Build.0 = Release|Any CPU
		{517FF695-8F53-4EA4-9F9D-778D032BB563}.Release|x64.ActiveCfg = Release|Any CPU
		{517FF695-8F53-4EA4-9F9D-778D032BB563}.Release|x64.Build.0 = Release|Any CPU
		{517FF695-8F53-4EA4-9F9D-778D032BB563}.Release|x86.ActiveCfg = Release|Any CPU
		{517FF695-8F53-4EA4-9F9D-778D032BB563}.Release|x86.Build.0 = Release|Any CPU
		{8771C309-2E16-7355-3911-6DD24C187303}.Debug|Any CPU.ActiveCfg = Debug|Any CPU
		{8771C309-2E16-7355-3911-6DD24C187303}.Debug|Any CPU.Build.0 = Debug|Any CPU
		{8771C309-2E16-7355-3911-6DD24C187303}.Debug|x64.ActiveCfg = Debug|Any CPU
		{8771C309-2E16-7355-3911-6DD24C187303}.Debug|x64.Build.0 = Debug|Any CPU
		{8771C309-2E16-7355-3911-6DD24C187303}.Debug|x86.ActiveCfg = Debug|Any CPU
		{8771C309-2E16-7355-3911-6DD24C187303}.Debug|x86.Build.0 = Debug|Any CPU
		{8771C309-2E16-7355-3911-6DD24C187303}.Release|Any CPU.ActiveCfg = Release|Any CPU
		{8771C309-2E16-7355-3911-6DD24C187303}.Release|Any CPU.Build.0 = Release|Any CPU
		{8771C309-2E16-7355-3911-6DD24C187303}.Release|x64.ActiveCfg = Release|Any CPU
		{8771C309-2E16-7355-3911-6DD24C187303}.Release|x64.Build.0 = Release|Any CPU
		{8771C309-2E16-7355-3911-6DD24C187303}.Release|x86.ActiveCfg = Release|Any CPU
		{8771C309-2E16-7355-3911-6DD24C187303}.Release|x86.Build.0 = Release|Any CPU
		{3F27A357-D5A6-4D10-A7D2-A11D4AD50574}.Debug|Any CPU.ActiveCfg = Debug|Any CPU
		{3F27A357-D5A6-4D10-A7D2-A11D4AD50574}.Debug|Any CPU.Build.0 = Debug|Any CPU
		{3F27A357-D5A6-4D10-A7D2-A11D4AD50574}.Debug|x64.ActiveCfg = Debug|Any CPU
		{3F27A357-D5A6-4D10-A7D2-A11D4AD50574}.Debug|x64.Build.0 = Debug|Any CPU
		{3F27A357-D5A6-4D10-A7D2-A11D4AD50574}.Debug|x86.ActiveCfg = Debug|Any CPU
		{3F27A357-D5A6-4D10-A7D2-A11D4AD50574}.Debug|x86.Build.0 = Debug|Any CPU
		{3F27A357-D5A6-4D10-A7D2-A11D4AD50574}.Release|Any CPU.ActiveCfg = Release|Any CPU
		{3F27A357-D5A6-4D10-A7D2-A11D4AD50574}.Release|Any CPU.Build.0 = Release|Any CPU
		{3F27A357-D5A6-4D10-A7D2-A11D4AD50574}.Release|x64.ActiveCfg = Release|Any CPU
		{3F27A357-D5A6-4D10-A7D2-A11D4AD50574}.Release|x64.Build.0 = Release|Any CPU
		{3F27A357-D5A6-4D10-A7D2-A11D4AD50574}.Release|x86.ActiveCfg = Release|Any CPU
		{3F27A357-D5A6-4D10-A7D2-A11D4AD50574}.Release|x86.Build.0 = Release|Any CPU
		{CA2910B8-F96B-414E-A05D-D6E49D912153}.Debug|Any CPU.ActiveCfg = Debug|Any CPU
		{CA2910B8-F96B-414E-A05D-D6E49D912153}.Debug|Any CPU.Build.0 = Debug|Any CPU
		{CA2910B8-F96B-414E-A05D-D6E49D912153}.Debug|x64.ActiveCfg = Debug|Any CPU
		{CA2910B8-F96B-414E-A05D-D6E49D912153}.Debug|x64.Build.0 = Debug|Any CPU
		{CA2910B8-F96B-414E-A05D-D6E49D912153}.Debug|x86.ActiveCfg = Debug|Any CPU
		{CA2910B8-F96B-414E-A05D-D6E49D912153}.Debug|x86.Build.0 = Debug|Any CPU
		{CA2910B8-F96B-414E-A05D-D6E49D912153}.Release|Any CPU.ActiveCfg = Release|Any CPU
		{CA2910B8-F96B-414E-A05D-D6E49D912153}.Release|Any CPU.Build.0 = Release|Any CPU
		{CA2910B8-F96B-414E-A05D-D6E49D912153}.Release|x64.ActiveCfg = Release|Any CPU
		{CA2910B8-F96B-414E-A05D-D6E49D912153}.Release|x64.Build.0 = Release|Any CPU
		{CA2910B8-F96B-414E-A05D-D6E49D912153}.Release|x86.ActiveCfg = Release|Any CPU
		{CA2910B8-F96B-414E-A05D-D6E49D912153}.Release|x86.Build.0 = Release|Any CPU
		{F5D8750D-4A6A-44EF-B346-3AA1F548A1C2}.Debug|Any CPU.ActiveCfg = Debug|Any CPU
		{F5D8750D-4A6A-44EF-B346-3AA1F548A1C2}.Debug|Any CPU.Build.0 = Debug|Any CPU
		{F5D8750D-4A6A-44EF-B346-3AA1F548A1C2}.Debug|x64.ActiveCfg = Debug|Any CPU
		{F5D8750D-4A6A-44EF-B346-3AA1F548A1C2}.Debug|x64.Build.0 = Debug|Any CPU
		{F5D8750D-4A6A-44EF-B346-3AA1F548A1C2}.Debug|x86.ActiveCfg = Debug|Any CPU
		{F5D8750D-4A6A-44EF-B346-3AA1F548A1C2}.Debug|x86.Build.0 = Debug|Any CPU
		{F5D8750D-4A6A-44EF-B346-3AA1F548A1C2}.Release|Any CPU.ActiveCfg = Release|Any CPU
		{F5D8750D-4A6A-44EF-B346-3AA1F548A1C2}.Release|Any CPU.Build.0 = Release|Any CPU
		{F5D8750D-4A6A-44EF-B346-3AA1F548A1C2}.Release|x64.ActiveCfg = Release|Any CPU
		{F5D8750D-4A6A-44EF-B346-3AA1F548A1C2}.Release|x64.Build.0 = Release|Any CPU
		{F5D8750D-4A6A-44EF-B346-3AA1F548A1C2}.Release|x86.ActiveCfg = Release|Any CPU
		{F5D8750D-4A6A-44EF-B346-3AA1F548A1C2}.Release|x86.Build.0 = Release|Any CPU
		{4ADD1704-016E-453F-9B33-B4D91715375C}.Debug|Any CPU.ActiveCfg = Debug|Any CPU
		{4ADD1704-016E-453F-9B33-B4D91715375C}.Debug|Any CPU.Build.0 = Debug|Any CPU
		{4ADD1704-016E-453F-9B33-B4D91715375C}.Debug|x64.ActiveCfg = Debug|Any CPU
		{4ADD1704-016E-453F-9B33-B4D91715375C}.Debug|x64.Build.0 = Debug|Any CPU
		{4ADD1704-016E-453F-9B33-B4D91715375C}.Debug|x86.ActiveCfg = Debug|Any CPU
		{4ADD1704-016E-453F-9B33-B4D91715375C}.Debug|x86.Build.0 = Debug|Any CPU
		{4ADD1704-016E-453F-9B33-B4D91715375C}.Release|Any CPU.ActiveCfg = Release|Any CPU
		{4ADD1704-016E-453F-9B33-B4D91715375C}.Release|Any CPU.Build.0 = Release|Any CPU
		{4ADD1704-016E-453F-9B33-B4D91715375C}.Release|x64.ActiveCfg = Release|Any CPU
		{4ADD1704-016E-453F-9B33-B4D91715375C}.Release|x64.Build.0 = Release|Any CPU
		{4ADD1704-016E-453F-9B33-B4D91715375C}.Release|x86.ActiveCfg = Release|Any CPU
		{4ADD1704-016E-453F-9B33-B4D91715375C}.Release|x86.Build.0 = Release|Any CPU
		{BC9BB438-65B1-4CB1-9C74-15C87BAA5F04}.Debug|Any CPU.ActiveCfg = Debug|Any CPU
		{BC9BB438-65B1-4CB1-9C74-15C87BAA5F04}.Debug|Any CPU.Build.0 = Debug|Any CPU
		{BC9BB438-65B1-4CB1-9C74-15C87BAA5F04}.Debug|x64.ActiveCfg = Debug|Any CPU
		{BC9BB438-65B1-4CB1-9C74-15C87BAA5F04}.Debug|x64.Build.0 = Debug|Any CPU
		{BC9BB438-65B1-4CB1-9C74-15C87BAA5F04}.Debug|x86.ActiveCfg = Debug|Any CPU
		{BC9BB438-65B1-4CB1-9C74-15C87BAA5F04}.Debug|x86.Build.0 = Debug|Any CPU
		{BC9BB438-65B1-4CB1-9C74-15C87BAA5F04}.Release|Any CPU.ActiveCfg = Release|Any CPU
		{BC9BB438-65B1-4CB1-9C74-15C87BAA5F04}.Release|Any CPU.Build.0 = Release|Any CPU
		{BC9BB438-65B1-4CB1-9C74-15C87BAA5F04}.Release|x64.ActiveCfg = Release|Any CPU
		{BC9BB438-65B1-4CB1-9C74-15C87BAA5F04}.Release|x64.Build.0 = Release|Any CPU
		{BC9BB438-65B1-4CB1-9C74-15C87BAA5F04}.Release|x86.ActiveCfg = Release|Any CPU
		{BC9BB438-65B1-4CB1-9C74-15C87BAA5F04}.Release|x86.Build.0 = Release|Any CPU
		{A1C263B0-DC53-4EA6-852D-8CB3C7C01750}.Debug|Any CPU.ActiveCfg = Debug|Any CPU
		{A1C263B0-DC53-4EA6-852D-8CB3C7C01750}.Debug|Any CPU.Build.0 = Debug|Any CPU
		{A1C263B0-DC53-4EA6-852D-8CB3C7C01750}.Debug|x64.ActiveCfg = Debug|Any CPU
		{A1C263B0-DC53-4EA6-852D-8CB3C7C01750}.Debug|x64.Build.0 = Debug|Any CPU
		{A1C263B0-DC53-4EA6-852D-8CB3C7C01750}.Debug|x86.ActiveCfg = Debug|Any CPU
		{A1C263B0-DC53-4EA6-852D-8CB3C7C01750}.Debug|x86.Build.0 = Debug|Any CPU
		{A1C263B0-DC53-4EA6-852D-8CB3C7C01750}.Release|Any CPU.ActiveCfg = Release|Any CPU
		{A1C263B0-DC53-4EA6-852D-8CB3C7C01750}.Release|Any CPU.Build.0 = Release|Any CPU
		{A1C263B0-DC53-4EA6-852D-8CB3C7C01750}.Release|x64.ActiveCfg = Release|Any CPU
		{A1C263B0-DC53-4EA6-852D-8CB3C7C01750}.Release|x64.Build.0 = Release|Any CPU
		{A1C263B0-DC53-4EA6-852D-8CB3C7C01750}.Release|x86.ActiveCfg = Release|Any CPU
		{A1C263B0-DC53-4EA6-852D-8CB3C7C01750}.Release|x86.Build.0 = Release|Any CPU
		{B2A73859-8F0C-41CC-AAB3-9E689038AF71}.Debug|Any CPU.ActiveCfg = Debug|Any CPU
		{B2A73859-8F0C-41CC-AAB3-9E689038AF71}.Debug|Any CPU.Build.0 = Debug|Any CPU
		{B2A73859-8F0C-41CC-AAB3-9E689038AF71}.Debug|x64.ActiveCfg = Debug|Any CPU
		{B2A73859-8F0C-41CC-AAB3-9E689038AF71}.Debug|x64.Build.0 = Debug|Any CPU
		{B2A73859-8F0C-41CC-AAB3-9E689038AF71}.Debug|x86.ActiveCfg = Debug|Any CPU
		{B2A73859-8F0C-41CC-AAB3-9E689038AF71}.Debug|x86.Build.0 = Debug|Any CPU
		{B2A73859-8F0C-41CC-AAB3-9E689038AF71}.Release|Any CPU.ActiveCfg = Release|Any CPU
		{B2A73859-8F0C-41CC-AAB3-9E689038AF71}.Release|Any CPU.Build.0 = Release|Any CPU
		{B2A73859-8F0C-41CC-AAB3-9E689038AF71}.Release|x64.ActiveCfg = Release|Any CPU
		{B2A73859-8F0C-41CC-AAB3-9E689038AF71}.Release|x64.Build.0 = Release|Any CPU
		{B2A73859-8F0C-41CC-AAB3-9E689038AF71}.Release|x86.ActiveCfg = Release|Any CPU
		{B2A73859-8F0C-41CC-AAB3-9E689038AF71}.Release|x86.Build.0 = Release|Any CPU
		{C64F1E71-CC88-4AD7-ABD0-A997CACDFD7A}.Debug|Any CPU.ActiveCfg = Debug|Any CPU
		{C64F1E71-CC88-4AD7-ABD0-A997CACDFD7A}.Debug|Any CPU.Build.0 = Debug|Any CPU
		{C64F1E71-CC88-4AD7-ABD0-A997CACDFD7A}.Debug|x64.ActiveCfg = Debug|Any CPU
		{C64F1E71-CC88-4AD7-ABD0-A997CACDFD7A}.Debug|x64.Build.0 = Debug|Any CPU
		{C64F1E71-CC88-4AD7-ABD0-A997CACDFD7A}.Debug|x86.ActiveCfg = Debug|Any CPU
		{C64F1E71-CC88-4AD7-ABD0-A997CACDFD7A}.Debug|x86.Build.0 = Debug|Any CPU
		{C64F1E71-CC88-4AD7-ABD0-A997CACDFD7A}.Release|Any CPU.ActiveCfg = Release|Any CPU
		{C64F1E71-CC88-4AD7-ABD0-A997CACDFD7A}.Release|Any CPU.Build.0 = Release|Any CPU
		{C64F1E71-CC88-4AD7-ABD0-A997CACDFD7A}.Release|x64.ActiveCfg = Release|Any CPU
		{C64F1E71-CC88-4AD7-ABD0-A997CACDFD7A}.Release|x64.Build.0 = Release|Any CPU
		{C64F1E71-CC88-4AD7-ABD0-A997CACDFD7A}.Release|x86.ActiveCfg = Release|Any CPU
		{C64F1E71-CC88-4AD7-ABD0-A997CACDFD7A}.Release|x86.Build.0 = Release|Any CPU
		{88798054-5080-4FC6-B0B6-68121E4C34FA}.Debug|Any CPU.ActiveCfg = Debug|Any CPU
		{88798054-5080-4FC6-B0B6-68121E4C34FA}.Debug|Any CPU.Build.0 = Debug|Any CPU
		{88798054-5080-4FC6-B0B6-68121E4C34FA}.Debug|x64.ActiveCfg = Debug|Any CPU
		{88798054-5080-4FC6-B0B6-68121E4C34FA}.Debug|x64.Build.0 = Debug|Any CPU
		{88798054-5080-4FC6-B0B6-68121E4C34FA}.Debug|x86.ActiveCfg = Debug|Any CPU
		{88798054-5080-4FC6-B0B6-68121E4C34FA}.Debug|x86.Build.0 = Debug|Any CPU
		{88798054-5080-4FC6-B0B6-68121E4C34FA}.Release|Any CPU.ActiveCfg = Release|Any CPU
		{88798054-5080-4FC6-B0B6-68121E4C34FA}.Release|Any CPU.Build.0 = Release|Any CPU
		{88798054-5080-4FC6-B0B6-68121E4C34FA}.Release|x64.ActiveCfg = Release|Any CPU
		{88798054-5080-4FC6-B0B6-68121E4C34FA}.Release|x64.Build.0 = Release|Any CPU
		{88798054-5080-4FC6-B0B6-68121E4C34FA}.Release|x86.ActiveCfg = Release|Any CPU
		{88798054-5080-4FC6-B0B6-68121E4C34FA}.Release|x86.Build.0 = Release|Any CPU
	EndGlobalSection
	GlobalSection(SolutionProperties) = preSolution
		HideSolutionNode = FALSE
	EndGlobalSection
	GlobalSection(NestedProjects) = preSolution
		{7551306B-DE17-498E-8A08-85722FD288BC} = {827E0CD3-B72D-47B6-A68D-7590B98EB39B}
		{E3A47812-8A51-4F75-9E5D-1E35B057C071} = {827E0CD3-B72D-47B6-A68D-7590B98EB39B}
		{517FF695-8F53-4EA4-9F9D-778D032BB563} = {827E0CD3-B72D-47B6-A68D-7590B98EB39B}
		{8771C309-2E16-7355-3911-6DD24C187303} = {827E0CD3-B72D-47B6-A68D-7590B98EB39B}
		{3F27A357-D5A6-4D10-A7D2-A11D4AD50574} = {827E0CD3-B72D-47B6-A68D-7590B98EB39B}
		{CA2910B8-F96B-414E-A05D-D6E49D912153} = {827E0CD3-B72D-47B6-A68D-7590B98EB39B}
		{F5D8750D-4A6A-44EF-B346-3AA1F548A1C2} = {8949D20F-7A40-4BAA-9154-B5E41A03E0B1}
		{4ADD1704-016E-453F-9B33-B4D91715375C} = {827E0CD3-B72D-47B6-A68D-7590B98EB39B}
		{BC9BB438-65B1-4CB1-9C74-15C87BAA5F04} = {827E0CD3-B72D-47B6-A68D-7590B98EB39B}
		{A1C263B0-DC53-4EA6-852D-8CB3C7C01750} = {D0E77B69-31CE-4F41-A777-925946D6430A}
		{B2A73859-8F0C-41CC-AAB3-9E689038AF71} = {8949D20F-7A40-4BAA-9154-B5E41A03E0B1}
		{C64F1E71-CC88-4AD7-ABD0-A997CACDFD7A} = {827E0CD3-B72D-47B6-A68D-7590B98EB39B}
		{88798054-5080-4FC6-B0B6-68121E4C34FA} = {D0E77B69-31CE-4F41-A777-925946D6430A}
	EndGlobalSection
EndGlobal
